
Microsoft Visual Studio Solution File, Format Version 12.00
# Visual Studio Version 17
VisualStudioVersion = 17.14.36202.13 d17.14
MinimumVisualStudioVersion = 10.0.40219.1
Project("{FAE04EC0-301F-11D3-BF4B-00C04F79EFBC}") = "FLEXIERP", "FLEXIERP.csproj", "{FDA3FF69-B1CC-49D1-AB14-78503E2705F9}"
EndProject
Global
	GlobalSection(SolutionConfigurationPlatforms) = preSolution
		Debug|Any CPU = Debug|Any CPU
		Release|Any CPU = Release|Any CPU
	EndGlobalSection
	GlobalSection(ProjectConfigurationPlatforms) = postSolution
		{FDA3FF69-B1CC-49D1-AB14-78503E2705F9}.Debug|Any CPU.ActiveCfg = Debug|Any CPU
		{FDA3FF69-B1CC-49D1-AB14-78503E2705F9}.Debug|Any CPU.Build.0 = Debug|Any CPU
		{FDA3FF69-B1CC-49D1-AB14-78503E2705F9}.Release|Any CPU.ActiveCfg = Release|Any CPU
		{FDA3FF69-B1CC-49D1-AB14-78503E2705F9}.Release|Any CPU.Build.0 = Release|Any CPU
	EndGlobalSection
	GlobalSection(SolutionProperties) = preSolution
		HideSolutionNode = FALSE
	EndGlobalSection
	GlobalSection(ExtensibilityGlobals) = postSolution
		SolutionGuid = {1678BD8E-E10F-4612-9080-9BFF670AD6F1}
	EndGlobalSection
EndGlobal
